
Microsoft Visual Studio Solution File, Format Version 12.00
# Visual Studio Version 17
VisualStudioVersion = 17.10.35004.147
MinimumVisualStudioVersion = 10.0.40219.1
Project("{8BC9CEB8-8B4A-11D0-8D11-00A0C91BC942}") = "CPP_CanhTanChi", "CPP_CanhTanChi.vcxproj", "{283A0C9E-AE4A-40C4-BF24-AD30905E52BC}"
EndProject
Global
	GlobalSection(SolutionConfigurationPlatforms) = preSolution
		Debug|x64 = Debug|x64
		Debug|x86 = Debug|x86
		Release|x64 = Release|x64
		Release|x86 = Release|x86
	EndGlobalSection
	GlobalSection(ProjectConfigurationPlatforms) = postSolution
		{283A0C9E-AE4A-40C4-BF24-AD30905E52BC}.Debug|x64.ActiveCfg = Debug|x64
		{283A0C9E-AE4A-40C4-BF24-AD30905E52BC}.Debug|x64.Build.0 = Debug|x64
		{283A0C9E-AE4A-40C4-BF24-AD30905E52BC}.Debug|x86.ActiveCfg = Debug|Win32
		{283A0C9E-AE4A-40C4-BF24-AD30905E52BC}.Debug|x86.Build.0 = Debug|Win32
		{283A0C9E-AE4A-40C4-BF24-AD30905E52BC}.Release|x64.ActiveCfg = Release|x64
		{283A0C9E-AE4A-40C4-BF24-AD30905E52BC}.Release|x64.Build.0 = Release|x64
		{283A0C9E-AE4A-40C4-BF24-AD30905E52BC}.Release|x86.ActiveCfg = Release|Win32
		{283A0C9E-AE4A-40C4-BF24-AD30905E52BC}.Release|x86.Build.0 = Release|Win32
	EndGlobalSection
	GlobalSection(SolutionProperties) = preSolution
		HideSolutionNode = FALSE
	EndGlobalSection
	GlobalSection(ExtensibilityGlobals) = postSolution
		SolutionGuid = {52D4CF36-05A7-4E44-868A-EECB69C99FC0}
	EndGlobalSection
EndGlobal
